
Microsoft Visual Studio Solution File, Format Version 12.00
# Visual Studio Version 17
VisualStudioVersion = 17.13.35931.197 d17.13
MinimumVisualStudioVersion = 10.0.40219.1
Project("{FAE04EC0-301F-11D3-BF4B-00C04F79EFBC}") = "CausalDiagram.Core", "CausalDiagram.Core\CausalDiagram.Core.csproj", "{2EF14222-ED56-4EDC-9B8C-46B830CBD790}"
EndProject
Global
	GlobalSection(SolutionConfigurationPlatforms) = preSolution
		Debug|Any CPU = Debug|Any CPU
		Release|Any CPU = Release|Any CPU
	EndGlobalSection
	GlobalSection(ProjectConfigurationPlatforms) = postSolution
		{2EF14222-ED56-4EDC-9B8C-46B830CBD790}.Debug|Any CPU.ActiveCfg = Debug|Any CPU
		{2EF14222-ED56-4EDC-9B8C-46B830CBD790}.Debug|Any CPU.Build.0 = Debug|Any CPU
		{2EF14222-ED56-4EDC-9B8C-46B830CBD790}.Release|Any CPU.ActiveCfg = Release|Any CPU
		{2EF14222-ED56-4EDC-9B8C-46B830CBD790}.Release|Any CPU.Build.0 = Release|Any CPU
	EndGlobalSection
	GlobalSection(SolutionProperties) = preSolution
		HideSolutionNode = FALSE
	EndGlobalSection
	GlobalSection(ExtensibilityGlobals) = postSolution
		SolutionGuid = {C6AA1958-972B-43A7-8523-0F467AA960E3}
	EndGlobalSection
EndGlobal
